
Microsoft Visual Studio Solution File, Format Version 12.00
# Visual Studio 2013
VisualStudioVersion = 12.0.31101.0
MinimumVisualStudioVersion = 10.0.40219.1
Project("{2150E333-8FDC-42A3-9474-1A3956D46DE8}") = "examples", "examples", "{9EDBC830-5169-4460-92C0-DFFE45FC24D4}"
EndProject
Project("{8BC9CEB8-8B4A-11D0-8D11-00A0C91BC942}") = "libdrawtext", "libdrawtext.vcxproj", "{F6241CAB-984D-457D-A7EA-E66A57889490}"
EndProject
Project("{8BC9CEB8-8B4A-11D0-8D11-00A0C91BC942}") = "nofreetype", "examples\nofreetype\nofreetype.vcxproj", "{D52142DD-6188-4825-9242-5927A3568D03}"
	ProjectSection(ProjectDependencies) = postProject
		{D28DE6C7-EF8F-4D37-997D-12AAE6E48FD7} = {D28DE6C7-EF8F-4D37-997D-12AAE6E48FD7}
	EndProjectSection
EndProject
Project("{8BC9CEB8-8B4A-11D0-8D11-00A0C91BC942}") = "libdrawtext-noft", "libdrawtext-noft.vcxproj", "{D28DE6C7-EF8F-4D37-997D-12AAE6E48FD7}"
EndProject
Global
	GlobalSection(SolutionConfigurationPlatforms) = preSolution
		Debug|Win32 = Debug|Win32
		Release|Win32 = Release|Win32
	EndGlobalSection
	GlobalSection(ProjectConfigurationPlatforms) = postSolution
		{F6241CAB-984D-457D-A7EA-E66A57889490}.Debug|Win32.ActiveCfg = Debug|Win32
		{F6241CAB-984D-457D-A7EA-E66A57889490}.Debug|Win32.Build.0 = Debug|Win32
		{F6241CAB-984D-457D-A7EA-E66A57889490}.Release|Win32.ActiveCfg = Release|Win32
		{F6241CAB-984D-457D-A7EA-E66A57889490}.Release|Win32.Build.0 = Release|Win32
		{D52142DD-6188-4825-9242-5927A3568D03}.Debug|Win32.ActiveCfg = Debug|Win32
		{D52142DD-6188-4825-9242-5927A3568D03}.Debug|Win32.Build.0 = Debug|Win32
		{D52142DD-6188-4825-9242-5927A3568D03}.Release|Win32.ActiveCfg = Release|Win32
		{D52142DD-6188-4825-9242-5927A3568D03}.Release|Win32.Build.0 = Release|Win32
		{D28DE6C7-EF8F-4D37-997D-12AAE6E48FD7}.Debug|Win32.ActiveCfg = Debug|Win32
		{D28DE6C7-EF8F-4D37-997D-12AAE6E48FD7}.Debug|Win32.Build.0 = Debug|Win32
		{D28DE6C7-EF8F-4D37-997D-12AAE6E48FD7}.Release|Win32.ActiveCfg = Release|Win32
		{D28DE6C7-EF8F-4D37-997D-12AAE6E48FD7}.Release|Win32.Build.0 = Release|Win32
	EndGlobalSection
	GlobalSection(SolutionProperties) = preSolution
		HideSolutionNode = FALSE
	EndGlobalSection
	GlobalSection(NestedProjects) = preSolution
		{D52142DD-6188-4825-9242-5927A3568D03} = {9EDBC830-5169-4460-92C0-DFFE45FC24D4}
	EndGlobalSection
EndGlobal
