
Microsoft Visual Studio Solution File, Format Version 10.00
# Visual C++ Express 2008
Project("{8BC9CEB8-8B4A-11D0-8D11-00A0C91BC942}") = "libdrawtext", "libdrawtext.vcproj", "{F6241CAB-984D-457D-A7EA-E66A57889490}"
EndProject
Global
	GlobalSection(SolutionConfigurationPlatforms) = preSolution
		Debug|Win32 = Debug|Win32
		Release|Win32 = Release|Win32
	EndGlobalSection
	GlobalSection(ProjectConfigurationPlatforms) = postSolution
		{F6241CAB-984D-457D-A7EA-E66A57889490}.Debug|Win32.ActiveCfg = Debug|Win32
		{F6241CAB-984D-457D-A7EA-E66A57889490}.Debug|Win32.Build.0 = Debug|Win32
		{F6241CAB-984D-457D-A7EA-E66A57889490}.Release|Win32.ActiveCfg = Release|Win32
		{F6241CAB-984D-457D-A7EA-E66A57889490}.Release|Win32.Build.0 = Release|Win32
	EndGlobalSection
	GlobalSection(SolutionProperties) = preSolution
		HideSolutionNode = FALSE
	EndGlobalSection
EndGlobal
